
Microsoft Visual Studio Solution File, Format Version 12.00
# Visual Studio 15
VisualStudioVersion = 15.0.26124.0
MinimumVisualStudioVersion = 15.0.26124.0
Project("{FAE04EC0-301F-11D3-BF4B-00C04F79EFBC}") = "JourneyCreator.Core", "JourneyCreator.Core\JourneyCreator.Core.csproj", "{18847C53-3CCA-48AF-8110-F590EC595681}"
EndProject
Project("{FAE04EC0-301F-11D3-BF4B-00C04F79EFBC}") = "JourneyCreator.Tests", "JourneyCreator.Tests\JourneyCreator.Tests.csproj", "{EC60C7CA-FF99-48B5-B78E-1B739508E7AD}"
EndProject
Project("{FAE04EC0-301F-11D3-BF4B-00C04F79EFBC}") = "JourneyCreator.Infrastructure", "JourneyCreator.Infrastructure\JourneyCreator.Infrastructure.csproj", "{AA7BDE91-7F77-42E9-9633-572519DB44C3}"
EndProject
Project("{FAE04EC0-301F-11D3-BF4B-00C04F79EFBC}") = "JourneyCreator.Api", "JourneyCreator.Api\JourneyCreator.Api.csproj", "{A98B1033-3098-4E34-B6BF-0AC03496C9B9}"
EndProject
Global
	GlobalSection(SolutionConfigurationPlatforms) = preSolution
		Debug|Any CPU = Debug|Any CPU
		Debug|x64 = Debug|x64
		Debug|x86 = Debug|x86
		Release|Any CPU = Release|Any CPU
		Release|x64 = Release|x64
		Release|x86 = Release|x86
	EndGlobalSection
	GlobalSection(SolutionProperties) = preSolution
		HideSolutionNode = FALSE
	EndGlobalSection
	GlobalSection(ProjectConfigurationPlatforms) = postSolution
		{18847C53-3CCA-48AF-8110-F590EC595681}.Debug|Any CPU.ActiveCfg = Debug|Any CPU
		{18847C53-3CCA-48AF-8110-F590EC595681}.Debug|Any CPU.Build.0 = Debug|Any CPU
		{18847C53-3CCA-48AF-8110-F590EC595681}.Debug|x64.ActiveCfg = Debug|Any CPU
		{18847C53-3CCA-48AF-8110-F590EC595681}.Debug|x64.Build.0 = Debug|Any CPU
		{18847C53-3CCA-48AF-8110-F590EC595681}.Debug|x86.ActiveCfg = Debug|Any CPU
		{18847C53-3CCA-48AF-8110-F590EC595681}.Debug|x86.Build.0 = Debug|Any CPU
		{18847C53-3CCA-48AF-8110-F590EC595681}.Release|Any CPU.ActiveCfg = Release|Any CPU
		{18847C53-3CCA-48AF-8110-F590EC595681}.Release|Any CPU.Build.0 = Release|Any CPU
		{18847C53-3CCA-48AF-8110-F590EC595681}.Release|x64.ActiveCfg = Release|Any CPU
		{18847C53-3CCA-48AF-8110-F590EC595681}.Release|x64.Build.0 = Release|Any CPU
		{18847C53-3CCA-48AF-8110-F590EC595681}.Release|x86.ActiveCfg = Release|Any CPU
		{18847C53-3CCA-48AF-8110-F590EC595681}.Release|x86.Build.0 = Release|Any CPU
		{EC60C7CA-FF99-48B5-B78E-1B739508E7AD}.Debug|Any CPU.ActiveCfg = Debug|Any CPU
		{EC60C7CA-FF99-48B5-B78E-1B739508E7AD}.Debug|Any CPU.Build.0 = Debug|Any CPU
		{EC60C7CA-FF99-48B5-B78E-1B739508E7AD}.Debug|x64.ActiveCfg = Debug|Any CPU
		{EC60C7CA-FF99-48B5-B78E-1B739508E7AD}.Debug|x64.Build.0 = Debug|Any CPU
		{EC60C7CA-FF99-48B5-B78E-1B739508E7AD}.Debug|x86.ActiveCfg = Debug|Any CPU
		{EC60C7CA-FF99-48B5-B78E-1B739508E7AD}.Debug|x86.Build.0 = Debug|Any CPU
		{EC60C7CA-FF99-48B5-B78E-1B739508E7AD}.Release|Any CPU.ActiveCfg = Release|Any CPU
		{EC60C7CA-FF99-48B5-B78E-1B739508E7AD}.Release|Any CPU.Build.0 = Release|Any CPU
		{EC60C7CA-FF99-48B5-B78E-1B739508E7AD}.Release|x64.ActiveCfg = Release|Any CPU
		{EC60C7CA-FF99-48B5-B78E-1B739508E7AD}.Release|x64.Build.0 = Release|Any CPU
		{EC60C7CA-FF99-48B5-B78E-1B739508E7AD}.Release|x86.ActiveCfg = Release|Any CPU
		{EC60C7CA-FF99-48B5-B78E-1B739508E7AD}.Release|x86.Build.0 = Release|Any CPU
		{AA7BDE91-7F77-42E9-9633-572519DB44C3}.Debug|Any CPU.ActiveCfg = Debug|Any CPU
		{AA7BDE91-7F77-42E9-9633-572519DB44C3}.Debug|Any CPU.Build.0 = Debug|Any CPU
		{AA7BDE91-7F77-42E9-9633-572519DB44C3}.Debug|x64.ActiveCfg = Debug|Any CPU
		{AA7BDE91-7F77-42E9-9633-572519DB44C3}.Debug|x64.Build.0 = Debug|Any CPU
		{AA7BDE91-7F77-42E9-9633-572519DB44C3}.Debug|x86.ActiveCfg = Debug|Any CPU
		{AA7BDE91-7F77-42E9-9633-572519DB44C3}.Debug|x86.Build.0 = Debug|Any CPU
		{AA7BDE91-7F77-42E9-9633-572519DB44C3}.Release|Any CPU.ActiveCfg = Release|Any CPU
		{AA7BDE91-7F77-42E9-9633-572519DB44C3}.Release|Any CPU.Build.0 = Release|Any CPU
		{AA7BDE91-7F77-42E9-9633-572519DB44C3}.Release|x64.ActiveCfg = Release|Any CPU
		{AA7BDE91-7F77-42E9-9633-572519DB44C3}.Release|x64.Build.0 = Release|Any CPU
		{AA7BDE91-7F77-42E9-9633-572519DB44C3}.Release|x86.ActiveCfg = Release|Any CPU
		{AA7BDE91-7F77-42E9-9633-572519DB44C3}.Release|x86.Build.0 = Release|Any CPU
		{A98B1033-3098-4E34-B6BF-0AC03496C9B9}.Debug|Any CPU.ActiveCfg = Debug|Any CPU
		{A98B1033-3098-4E34-B6BF-0AC03496C9B9}.Debug|Any CPU.Build.0 = Debug|Any CPU
		{A98B1033-3098-4E34-B6BF-0AC03496C9B9}.Debug|x64.ActiveCfg = Debug|Any CPU
		{A98B1033-3098-4E34-B6BF-0AC03496C9B9}.Debug|x64.Build.0 = Debug|Any CPU
		{A98B1033-3098-4E34-B6BF-0AC03496C9B9}.Debug|x86.ActiveCfg = Debug|Any CPU
		{A98B1033-3098-4E34-B6BF-0AC03496C9B9}.Debug|x86.Build.0 = Debug|Any CPU
		{A98B1033-3098-4E34-B6BF-0AC03496C9B9}.Release|Any CPU.ActiveCfg = Release|Any CPU
		{A98B1033-3098-4E34-B6BF-0AC03496C9B9}.Release|Any CPU.Build.0 = Release|Any CPU
		{A98B1033-3098-4E34-B6BF-0AC03496C9B9}.Release|x64.ActiveCfg = Release|Any CPU
		{A98B1033-3098-4E34-B6BF-0AC03496C9B9}.Release|x64.Build.0 = Release|Any CPU
		{A98B1033-3098-4E34-B6BF-0AC03496C9B9}.Release|x86.ActiveCfg = Release|Any CPU
		{A98B1033-3098-4E34-B6BF-0AC03496C9B9}.Release|x86.Build.0 = Release|Any CPU
	EndGlobalSection
EndGlobal
